PODS:
  - Usercentrics (2.2.0)
  - UsercentricsUI (2.2.0):
    - Usercentrics (= 2.2.0)

DEPENDENCIES:
  - UsercentricsUI (= 2.2.0)

SPEC REPOS:
  trunk:
    - Usercentrics
    - UsercentricsUI

SPEC CHECKSUMS:
  Usercentrics: 1595c4e060ce89bc0974f6e0b5155ed2adcf28fc
  UsercentricsUI: 5a6495ecb6888d507de0fa3d2f9fbed9fe1d9bc9

PODFILE CHECKSUM: 28e3cf7c03a538a8daf2bf0a3565aeb4f85cc705

COCOAPODS: 1.11.2
