PODS:
  - Usercentrics (2.1.0)
  - UsercentricsUI (2.1.0):
    - Usercentrics (= 2.1.0)

DEPENDENCIES:
  - UsercentricsUI

SPEC REPOS:
  trunk:
    - Usercentrics
    - UsercentricsUI

SPEC CHECKSUMS:
  Usercentrics: b726ab9fbec17cffc2cce7e843d0b4ed33da4453
  UsercentricsUI: 95f24f0699e5ae4436468d168f02b6d0e0113ba2

PODFILE CHECKSUM: d78e76e37d9b625e9a1c30e1ff97594e316cf0f8

COCOAPODS: 1.11.2
